Microsoft Visual Studio Solution File, Format Version 7.00
Project("{8BC9CEB8-8B4A-11D0-8D11-00A0C91BC942}") = "CEGUIBase", "BaseSystem\BaseSystem.vcproj", "{41479B71-4AA0-47FC-9738-12F6DA994CD0}"
EndProject
Project("{8BC9CEB8-8B4A-11D0-8D11-00A0C91BC942}") = "DirectX81GUIRenderer", "Renderers\DirectX81Renderer\DirectX81Renderer.vcproj", "{213AE338-9D65-46F9-A3C7-A2AE9BA16B55}"
EndProject
Project("{8BC9CEB8-8B4A-11D0-8D11-00A0C91BC942}") = "Taharez Look", "WidgetSets\TaharezLook\TaharezLook.vcproj", "{AF07C5D2-23BB-4777-A042-18F2A1CE508D}"
EndProject
Project("{8BC9CEB8-8B4A-11D0-8D11-00A0C91BC942}") = "DirectX9GUIRenderer", "Renderers\DirectX9Renderer\DirectX9GUIRenderer.vcproj", "{4D8333C0-EE9A-4BDF-8D7A-A03319B83DCB}"
EndProject
Project("{8BC9CEB8-8B4A-11D0-8D11-00A0C91BC942}") = "IrrlichtGUIRenderer", "Renderers\IrrlichtRenderer\IrrlichtRenderer.vcproj", "{F4751DD9-F2FD-43B6-87B9-BCA3E4692988}"
EndProject
Project("{8BC9CEB8-8B4A-11D0-8D11-00A0C91BC942}") = "WindowsLook", "WidgetSets\WindowsLook\WindowsLook.vcproj", "{846339AB-BB36-4B1C-AD04-D492738D3427}"
EndProject
Project("{8BC9CEB8-8B4A-11D0-8D11-00A0C91BC942}") = "OpenGLGUIRenderer", "Renderers\OpenGLRenderer\OpenGLRenderer.vcproj", "{1992A5EC-908F-4C22-991B-BE05FBF2E05E}"
EndProject
Project("{8BC9CEB8-8B4A-11D0-8D11-00A0C91BC942}") = "CEGUISampleHelper", "Samples\SampleHelper.vcproj", "{7C461F6C-50AC-4C59-B273-30B91C5B84F4}"
EndProject
Project("{8BC9CEB8-8B4A-11D0-8D11-00A0C91BC942}") = "Sample_FirstWindow", "Samples\Sample_FirstWindow.vcproj", "{B9AF6004-CC45-4873-80A3-DFA006464722}"
EndProject
Project("{8BC9CEB8-8B4A-11D0-8D11-00A0C91BC942}") = "Sample_FalagardDemo1", "Samples\Sample_FalagardDemo1.vcproj", "{ADE82D70-3D49-4FAC-8DCE-0FBDA6B0D648}"
EndProject
Project("{8BC9CEB8-8B4A-11D0-8D11-00A0C91BC942}") = "Sample_Demo4", "Samples\Sample_Demo4.vcproj", "{3B21C5A9-F86D-4868-8FE5-46264399E67A}"
EndProject
Project("{8BC9CEB8-8B4A-11D0-8D11-00A0C91BC942}") = "Sample_Demo6", "Samples\Sample_Demo6.vcproj", "{0F9504F7-B4D4-458E-BDA8-1B186BDA3B04}"
EndProject
Project("{8BC9CEB8-8B4A-11D0-8D11-00A0C91BC942}") = "Sample_Demo7", "Samples\Sample_Demo7.vcproj", "{459EF7BD-9FCF-4244-A587-D0E1EF7D30D9}"
EndProject
Project("{8BC9CEB8-8B4A-11D0-8D11-00A0C91BC942}") = "Sample_Demo8", "Samples\Sample_Demo8.vcproj", "{B1A718F5-F9A3-41EF-91E4-5A4792DCCE09}"
EndProject
Project("{8BC9CEB8-8B4A-11D0-8D11-00A0C91BC942}") = "lua_and_tolua++", "ScriptingModules\CEGUILua\lua_and_tolua++.vcproj", "{62B0D668-2497-4E46-BD2E-9705D618A7C5}"
EndProject
Project("{8BC9CEB8-8B4A-11D0-8D11-00A0C91BC942}") = "CEGUILua", "ScriptingModules\CEGUILua\CEGUILua.vcproj", "{6787045D-40FF-44E1-B860-70309821EAC9}"
EndProject
Project("{8BC9CEB8-8B4A-11D0-8D11-00A0C91BC942}") = "FalagardBase", "WidgetSets\Falagard\Falagard.vcproj", "{9155C410-F113-11D9-8CD6-0800200C9A66}"
EndProject
Global
	GlobalSection(SolutionConfiguration) = preSolution
		ConfigName.0 = Debug
		ConfigName.1 = Release
	EndGlobalSection
	GlobalSection(ProjectDependencies) = postSolution
		{213AE338-9D65-46F9-A3C7-A2AE9BA16B55}.0 = {41479B71-4AA0-47FC-9738-12F6DA994CD0}
		{AF07C5D2-23BB-4777-A042-18F2A1CE508D}.0 = {41479B71-4AA0-47FC-9738-12F6DA994CD0}
		{4D8333C0-EE9A-4BDF-8D7A-A03319B83DCB}.0 = {41479B71-4AA0-47FC-9738-12F6DA994CD0}
		{F4751DD9-F2FD-43B6-87B9-BCA3E4692988}.0 = {41479B71-4AA0-47FC-9738-12F6DA994CD0}
		{846339AB-BB36-4B1C-AD04-D492738D3427}.0 = {41479B71-4AA0-47FC-9738-12F6DA994CD0}
		{1992A5EC-908F-4C22-991B-BE05FBF2E05E}.0 = {41479B71-4AA0-47FC-9738-12F6DA994CD0}
		{9155C410-F113-11D9-8CD6-0800200C9A66}.0 = {41479B71-4AA0-47FC-9738-12F6DA994CD0}
		{6787045D-40FF-44E1-B860-70309821EAC9}.0 = {41479B71-4AA0-47FC-9738-12F6DA994CD0}
		{6787045D-40FF-44E1-B860-70309821EAC9}.0 = {62B0D668-2497-4E46-BD2E-9705D618A7C5}
		{7C461F6C-50AC-4C59-B273-30B91C5B84F4}.0 = {1992A5EC-908F-4C22-991B-BE05FBF2E05E}
		{7C461F6C-50AC-4C59-B273-30B91C5B84F4}.1 = {41479B71-4AA0-47FC-9738-12F6DA994CD0}
		{7C461F6C-50AC-4C59-B273-30B91C5B84F4}.2 = {4D8333C0-EE9A-4BDF-8D7A-A03319B83DCB}
		{7C461F6C-50AC-4C59-B273-30B91C5B84F4}.3 = {213AE338-9D65-46F9-A3C7-A2AE9BA16B55}
		{B9AF6004-CC45-4873-80A3-DFA006464722}.0 = {AF07C5D2-23BB-4777-A042-18F2A1CE508D}
		{B9AF6004-CC45-4873-80A3-DFA006464722}.1 = {41479B71-4AA0-47FC-9738-12F6DA994CD0}
		{B9AF6004-CC45-4873-80A3-DFA006464722}.2 = {7C461F6C-50AC-4C59-B273-30B91C5B84F4}
		{ADE82D70-3D49-4FAC-8DCE-0FBDA6B0D648}.0 = {41479B71-4AA0-47FC-9738-12F6DA994CD0}
		{ADE82D70-3D49-4FAC-8DCE-0FBDA6B0D648}.1 = {9155C410-F113-11D9-8CD6-0800200C9A66}
		{ADE82D70-3D49-4FAC-8DCE-0FBDA6B0D648}.2 = {7C461F6C-50AC-4C59-B273-30B91C5B84F4}
		{3B21C5A9-F86D-4868-8FE5-46264399E67A}.0 = {41479B71-4AA0-47FC-9738-12F6DA994CD0}
		{3B21C5A9-F86D-4868-8FE5-46264399E67A}.1 = {AF07C5D2-23BB-4777-A042-18F2A1CE508D}
		{3B21C5A9-F86D-4868-8FE5-46264399E67A}.2 = {7C461F6C-50AC-4C59-B273-30B91C5B84F4}
		{0F9504F7-B4D4-458E-BDA8-1B186BDA3B04}.0 = {41479B71-4AA0-47FC-9738-12F6DA994CD0}
		{0F9504F7-B4D4-458E-BDA8-1B186BDA3B04}.1 = {AF07C5D2-23BB-4777-A042-18F2A1CE508D}
		{0F9504F7-B4D4-458E-BDA8-1B186BDA3B04}.2 = {7C461F6C-50AC-4C59-B273-30B91C5B84F4}
		{459EF7BD-9FCF-4244-A587-D0E1EF7D30D9}.0 = {41479B71-4AA0-47FC-9738-12F6DA994CD0}
		{459EF7BD-9FCF-4244-A587-D0E1EF7D30D9}.1 = {AF07C5D2-23BB-4777-A042-18F2A1CE508D}
		{459EF7BD-9FCF-4244-A587-D0E1EF7D30D9}.2 = {7C461F6C-50AC-4C59-B273-30B91C5B84F4}
		{B1A718F5-F9A3-41EF-91E4-5A4792DCCE09}.0 = {41479B71-4AA0-47FC-9738-12F6DA994CD0}
		{B1A718F5-F9A3-41EF-91E4-5A4792DCCE09}.1 = {AF07C5D2-23BB-4777-A042-18F2A1CE508D}
		{B1A718F5-F9A3-41EF-91E4-5A4792DCCE09}.2 = {7C461F6C-50AC-4C59-B273-30B91C5B84F4}
		{B1A718F5-F9A3-41EF-91E4-5A4792DCCE09}.3 = {62B0D668-2497-4E46-BD2E-9705D618A7C5}
		{B1A718F5-F9A3-41EF-91E4-5A4792DCCE09}.4 = {6787045D-40FF-44E1-B860-70309821EAC9}
	EndGlobalSection
	GlobalSection(ProjectConfiguration) = postSolution
		{41479B71-4AA0-47FC-9738-12F6DA994CD0}.Debug.ActiveCfg = Debug|Win32
		{41479B71-4AA0-47FC-9738-12F6DA994CD0}.Debug.Build.0 = Debug|Win32
		{41479B71-4AA0-47FC-9738-12F6DA994CD0}.Release.ActiveCfg = Release|Win32
		{41479B71-4AA0-47FC-9738-12F6DA994CD0}.Release.Build.0 = Release|Win32
		{213AE338-9D65-46F9-A3C7-A2AE9BA16B55}.Debug.ActiveCfg = Debug|Win32
		{213AE338-9D65-46F9-A3C7-A2AE9BA16B55}.Debug.Build.0 = Debug|Win32
		{213AE338-9D65-46F9-A3C7-A2AE9BA16B55}.Release.ActiveCfg = Release|Win32
		{213AE338-9D65-46F9-A3C7-A2AE9BA16B55}.Release.Build.0 = Release|Win32
		{AF07C5D2-23BB-4777-A042-18F2A1CE508D}.Debug.ActiveCfg = Debug|Win32
		{AF07C5D2-23BB-4777-A042-18F2A1CE508D}.Debug.Build.0 = Debug|Win32
		{AF07C5D2-23BB-4777-A042-18F2A1CE508D}.Release.ActiveCfg = Release|Win32
		{AF07C5D2-23BB-4777-A042-18F2A1CE508D}.Release.Build.0 = Release|Win32
		{4D8333C0-EE9A-4BDF-8D7A-A03319B83DCB}.Debug.ActiveCfg = Debug|Win32
		{4D8333C0-EE9A-4BDF-8D7A-A03319B83DCB}.Debug.Build.0 = Debug|Win32
		{4D8333C0-EE9A-4BDF-8D7A-A03319B83DCB}.Release.ActiveCfg = Release|Win32
		{4D8333C0-EE9A-4BDF-8D7A-A03319B83DCB}.Release.Build.0 = Release|Win32
		{F4751DD9-F2FD-43B6-87B9-BCA3E4692988}.Debug.ActiveCfg = Debug|Win32
		{F4751DD9-F2FD-43B6-87B9-BCA3E4692988}.Release.ActiveCfg = Release|Win32
		{846339AB-BB36-4B1C-AD04-D492738D3427}.Debug.ActiveCfg = Debug|Win32
		{846339AB-BB36-4B1C-AD04-D492738D3427}.Debug.Build.0 = Debug|Win32
		{846339AB-BB36-4B1C-AD04-D492738D3427}.Release.ActiveCfg = Release|Win32
		{846339AB-BB36-4B1C-AD04-D492738D3427}.Release.Build.0 = Release|Win32
		{1992A5EC-908F-4C22-991B-BE05FBF2E05E}.Debug.ActiveCfg = Debug|Win32
		{1992A5EC-908F-4C22-991B-BE05FBF2E05E}.Debug.Build.0 = Debug|Win32
		{1992A5EC-908F-4C22-991B-BE05FBF2E05E}.Release.ActiveCfg = Release|Win32
		{1992A5EC-908F-4C22-991B-BE05FBF2E05E}.Release.Build.0 = Release|Win32
		{7C461F6C-50AC-4C59-B273-30B91C5B84F4}.Debug.ActiveCfg = Debug|Win32
		{7C461F6C-50AC-4C59-B273-30B91C5B84F4}.Debug.Build.0 = Debug|Win32
		{7C461F6C-50AC-4C59-B273-30B91C5B84F4}.Release.ActiveCfg = Release|Win32
		{7C461F6C-50AC-4C59-B273-30B91C5B84F4}.Release.Build.0 = Release|Win32
		{B9AF6004-CC45-4873-80A3-DFA006464722}.Debug.ActiveCfg = Debug|Win32
		{B9AF6004-CC45-4873-80A3-DFA006464722}.Debug.Build.0 = Debug|Win32
		{B9AF6004-CC45-4873-80A3-DFA006464722}.Release.ActiveCfg = Release|Win32
		{B9AF6004-CC45-4873-80A3-DFA006464722}.Release.Build.0 = Release|Win32
		{62B0D668-2497-4E46-BD2E-9705D618A7C5}.Debug.ActiveCfg = Debug|Win32
		{62B0D668-2497-4E46-BD2E-9705D618A7C5}.Debug.Build.0 = Debug|Win32
		{62B0D668-2497-4E46-BD2E-9705D618A7C5}.Release.ActiveCfg = Release|Win32
		{62B0D668-2497-4E46-BD2E-9705D618A7C5}.Release.Build.0 = Release|Win32
		{6787045D-40FF-44E1-B860-70309821EAC9}.Debug.ActiveCfg = Debug|Win32
		{6787045D-40FF-44E1-B860-70309821EAC9}.Debug.Build.0 = Debug|Win32
		{6787045D-40FF-44E1-B860-70309821EAC9}.Release.ActiveCfg = Release|Win32
		{6787045D-40FF-44E1-B860-70309821EAC9}.Release.Build.0 = Release|Win32
		{9155C410-F113-11D9-8CD6-0800200C9A66}.Debug.ActiveCfg = Debug|Win32
		{9155C410-F113-11D9-8CD6-0800200C9A66}.Debug.Build.0 = Debug|Win32
		{9155C410-F113-11D9-8CD6-0800200C9A66}.Release.ActiveCfg = Release|Win32
		{9155C410-F113-11D9-8CD6-0800200C9A66}.Release.Build.0 = Release|Win32
		{ADE82D70-3D49-4FAC-8DCE-0FBDA6B0D648}.Debug.ActiveCfg = Debug|Win32
		{ADE82D70-3D49-4FAC-8DCE-0FBDA6B0D648}.Debug.Build.0 = Debug|Win32
		{ADE82D70-3D49-4FAC-8DCE-0FBDA6B0D648}.Release.ActiveCfg = Release|Win32
		{ADE82D70-3D49-4FAC-8DCE-0FBDA6B0D648}.Release.Build.0 = Release|Win32
		{3B21C5A9-F86D-4868-8FE5-46264399E67A}.Debug.ActiveCfg = Debug|Win32
		{3B21C5A9-F86D-4868-8FE5-46264399E67A}.Debug.Build.0 = Debug|Win32
		{3B21C5A9-F86D-4868-8FE5-46264399E67A}.Release.ActiveCfg = Release|Win32
		{3B21C5A9-F86D-4868-8FE5-46264399E67A}.Release.Build.0 = Release|Win32
		{0F9504F7-B4D4-458E-BDA8-1B186BDA3B04}.Debug.ActiveCfg = Debug|Win32
		{0F9504F7-B4D4-458E-BDA8-1B186BDA3B04}.Debug.Build.0 = Debug|Win32
		{0F9504F7-B4D4-458E-BDA8-1B186BDA3B04}.Release.ActiveCfg = Release|Win32
		{0F9504F7-B4D4-458E-BDA8-1B186BDA3B04}.Release.Build.0 = Release|Win32
		{459EF7BD-9FCF-4244-A587-D0E1EF7D30D9}.Debug.ActiveCfg = Debug|Win32
		{459EF7BD-9FCF-4244-A587-D0E1EF7D30D9}.Debug.Build.0 = Debug|Win32
		{459EF7BD-9FCF-4244-A587-D0E1EF7D30D9}.Release.ActiveCfg = Release|Win32
		{459EF7BD-9FCF-4244-A587-D0E1EF7D30D9}.Release.Build.0 = Release|Win32
		{B1A718F5-F9A3-41EF-91E4-5A4792DCCE09}.Debug.ActiveCfg = Debug|Win32
		{B1A718F5-F9A3-41EF-91E4-5A4792DCCE09}.Debug.Build.0 = Debug|Win32
		{B1A718F5-F9A3-41EF-91E4-5A4792DCCE09}.Release.ActiveCfg = Release|Win32
		{B1A718F5-F9A3-41EF-91E4-5A4792DCCE09}.Release.Build.0 = Release|Win32
	EndGlobalSection
	GlobalSection(ExtensibilityGlobals) = postSolution
	EndGlobalSection
	GlobalSection(ExtensibilityAddIns) = postSolution
	EndGlobalSection
EndGlobal
