Microsoft Visual Studio Solution File, Format Version 8.00
Project("{8BC9CEB8-8B4A-11D0-8D11-00A0C91BC942}") = "CEGUIBase", "BaseSystem\BaseSystem.vcproj", "{232B1F48-87C1-4EF9-98A2-CF675BAC7A54}"
	ProjectSection(ProjectDependencies) = postProject
	EndProjectSection
EndProject
Project("{8BC9CEB8-8B4A-11D0-8D11-00A0C91BC942}") = "DirectX81GUIRenderer", "Renderers\DirectX81Renderer\DirectX81Renderer.vcproj", "{A169AB16-55E9-445B-AE6F-DB5EF277FFC6}"
	ProjectSection(ProjectDependencies) = postProject
		{232B1F48-87C1-4EF9-98A2-CF675BAC7A54} = {232B1F48-87C1-4EF9-98A2-CF675BAC7A54}
	EndProjectSection
EndProject
Project("{8BC9CEB8-8B4A-11D0-8D11-00A0C91BC942}") = "TaharezLook", "WidgetSets\TaharezLook\TaharezLook.vcproj", "{D054D8E6-FAED-49F1-B83C-A2CC2635BCA6}"
	ProjectSection(ProjectDependencies) = postProject
		{232B1F48-87C1-4EF9-98A2-CF675BAC7A54} = {232B1F48-87C1-4EF9-98A2-CF675BAC7A54}
	EndProjectSection
EndProject
Project("{8BC9CEB8-8B4A-11D0-8D11-00A0C91BC942}") = "DirectX9GUIRenderer", "Renderers\DirectX9Renderer\DirectX9GUIRenderer.vcproj", "{7582B608-D92F-4FCB-B682-2214B48D1596}"
	ProjectSection(ProjectDependencies) = postProject
		{232B1F48-87C1-4EF9-98A2-CF675BAC7A54} = {232B1F48-87C1-4EF9-98A2-CF675BAC7A54}
	EndProjectSection
EndProject
Project("{8BC9CEB8-8B4A-11D0-8D11-00A0C91BC942}") = "IrrlichtGUIRenderer", "Renderers\IrrlichtRenderer\irrrenderer.vcproj", "{AE2A5869-F7AB-46CE-B2B2-84D3242B6037}"
	ProjectSection(ProjectDependencies) = postProject
		{232B1F48-87C1-4EF9-98A2-CF675BAC7A54} = {232B1F48-87C1-4EF9-98A2-CF675BAC7A54}
	EndProjectSection
EndProject
Project("{8BC9CEB8-8B4A-11D0-8D11-00A0C91BC942}") = "WindowsLook", "WidgetSets\WindowsLook\WindowsLook.vcproj", "{20B194DE-F95C-4FBD-8D90-0F7581E0595C}"
	ProjectSection(ProjectDependencies) = postProject
		{232B1F48-87C1-4EF9-98A2-CF675BAC7A54} = {232B1F48-87C1-4EF9-98A2-CF675BAC7A54}
	EndProjectSection
EndProject
Project("{8BC9CEB8-8B4A-11D0-8D11-00A0C91BC942}") = "OpenGLGUIRenderer", "Renderers\OpenGLRenderer\OpenGLRenderer.vcproj", "{DB27024F-1F70-48DB-8DB9-7E12AFAC23AE}"
	ProjectSection(ProjectDependencies) = postProject
		{232B1F48-87C1-4EF9-98A2-CF675BAC7A54} = {232B1F48-87C1-4EF9-98A2-CF675BAC7A54}
	EndProjectSection
EndProject
Project("{8BC9CEB8-8B4A-11D0-8D11-00A0C91BC942}") = "CEGUISampleHelper", "Samples\SampleHelper.vcproj", "{A15FD3A6-EC2C-485E-8065-1F1B3E17CE87}"
	ProjectSection(ProjectDependencies) = postProject
		{7582B608-D92F-4FCB-B682-2214B48D1596} = {7582B608-D92F-4FCB-B682-2214B48D1596}
		{A169AB16-55E9-445B-AE6F-DB5EF277FFC6} = {A169AB16-55E9-445B-AE6F-DB5EF277FFC6}
		{232B1F48-87C1-4EF9-98A2-CF675BAC7A54} = {232B1F48-87C1-4EF9-98A2-CF675BAC7A54}
		{DB27024F-1F70-48DB-8DB9-7E12AFAC23AE} = {DB27024F-1F70-48DB-8DB9-7E12AFAC23AE}
	EndProjectSection
EndProject
Project("{8BC9CEB8-8B4A-11D0-8D11-00A0C91BC942}") = "Sample_FirstWindow", "Samples\Sample_FirstWindow.vcproj", "{5B5C3903-A274-4A90-9DC0-E4208642B6FB}"
	ProjectSection(ProjectDependencies) = postProject
		{232B1F48-87C1-4EF9-98A2-CF675BAC7A54} = {232B1F48-87C1-4EF9-98A2-CF675BAC7A54}
		{A15FD3A6-EC2C-485E-8065-1F1B3E17CE87} = {A15FD3A6-EC2C-485E-8065-1F1B3E17CE87}
		{D054D8E6-FAED-49F1-B83C-A2CC2635BCA6} = {D054D8E6-FAED-49F1-B83C-A2CC2635BCA6}
	EndProjectSection
EndProject
Project("{8BC9CEB8-8B4A-11D0-8D11-00A0C91BC942}") = "Sample_FalagardDemo1", "Samples\Sample_FalagardDemo1.vcproj", "{12AC3BA5-C217-43CF-8608-B7DE6FA14345}"
	ProjectSection(ProjectDependencies) = postProject
		{04E4A944-225A-4BFB-B7B5-F23AEE884989} = {04E4A944-225A-4BFB-B7B5-F23AEE884989}
		{232B1F48-87C1-4EF9-98A2-CF675BAC7A54} = {232B1F48-87C1-4EF9-98A2-CF675BAC7A54}
		{A15FD3A6-EC2C-485E-8065-1F1B3E17CE87} = {A15FD3A6-EC2C-485E-8065-1F1B3E17CE87}
	EndProjectSection
EndProject
Project("{8BC9CEB8-8B4A-11D0-8D11-00A0C91BC942}") = "lua_and_tolua++", "ScriptingModules\CEGUILua\lua_and_tolua++.vcproj", "{06DB0C07-2CF7-4A39-86F1-B106F26E5A42}"
	ProjectSection(ProjectDependencies) = postProject
	EndProjectSection
EndProject
Project("{8BC9CEB8-8B4A-11D0-8D11-00A0C91BC942}") = "CEGUILua", "ScriptingModules\CEGUILua\CEGUILua.vcproj", "{A6E6F3F7-1ADA-48B1-832D-E4D933B2E72B}"
	ProjectSection(ProjectDependencies) = postProject
		{06DB0C07-2CF7-4A39-86F1-B106F26E5A42} = {06DB0C07-2CF7-4A39-86F1-B106F26E5A42}
		{232B1F48-87C1-4EF9-98A2-CF675BAC7A54} = {232B1F48-87C1-4EF9-98A2-CF675BAC7A54}
	EndProjectSection
EndProject
Project("{8BC9CEB8-8B4A-11D0-8D11-00A0C91BC942}") = "FalagardBase", "WidgetSets\Falagard\Falagard.vcproj", "{04E4A944-225A-4BFB-B7B5-F23AEE884989}"
	ProjectSection(ProjectDependencies) = postProject
		{232B1F48-87C1-4EF9-98A2-CF675BAC7A54} = {232B1F48-87C1-4EF9-98A2-CF675BAC7A54}
	EndProjectSection
EndProject
Global
	GlobalSection(SolutionConfiguration) = preSolution
		Debug = Debug
		Release = Release
	EndGlobalSection
	GlobalSection(ProjectConfiguration) = postSolution
		{232B1F48-87C1-4EF9-98A2-CF675BAC7A54}.Debug.ActiveCfg = Debug|Win32
		{232B1F48-87C1-4EF9-98A2-CF675BAC7A54}.Debug.Build.0 = Debug|Win32
		{232B1F48-87C1-4EF9-98A2-CF675BAC7A54}.Release.ActiveCfg = Release|Win32
		{232B1F48-87C1-4EF9-98A2-CF675BAC7A54}.Release.Build.0 = Release|Win32
		{A169AB16-55E9-445B-AE6F-DB5EF277FFC6}.Debug.ActiveCfg = Debug|Win32
		{A169AB16-55E9-445B-AE6F-DB5EF277FFC6}.Debug.Build.0 = Debug|Win32
		{A169AB16-55E9-445B-AE6F-DB5EF277FFC6}.Release.ActiveCfg = Release|Win32
		{A169AB16-55E9-445B-AE6F-DB5EF277FFC6}.Release.Build.0 = Release|Win32
		{D054D8E6-FAED-49F1-B83C-A2CC2635BCA6}.Debug.ActiveCfg = Debug|Win32
		{D054D8E6-FAED-49F1-B83C-A2CC2635BCA6}.Debug.Build.0 = Debug|Win32
		{D054D8E6-FAED-49F1-B83C-A2CC2635BCA6}.Release.ActiveCfg = Release|Win32
		{D054D8E6-FAED-49F1-B83C-A2CC2635BCA6}.Release.Build.0 = Release|Win32
		{7582B608-D92F-4FCB-B682-2214B48D1596}.Debug.ActiveCfg = Debug|Win32
		{7582B608-D92F-4FCB-B682-2214B48D1596}.Debug.Build.0 = Debug|Win32
		{7582B608-D92F-4FCB-B682-2214B48D1596}.Release.ActiveCfg = Release|Win32
		{7582B608-D92F-4FCB-B682-2214B48D1596}.Release.Build.0 = Release|Win32
		{AE2A5869-F7AB-46CE-B2B2-84D3242B6037}.Debug.ActiveCfg = Debug|Win32
		{AE2A5869-F7AB-46CE-B2B2-84D3242B6037}.Release.ActiveCfg = Release|Win32
		{20B194DE-F95C-4FBD-8D90-0F7581E0595C}.Debug.ActiveCfg = Debug|Win32
		{20B194DE-F95C-4FBD-8D90-0F7581E0595C}.Debug.Build.0 = Debug|Win32
		{20B194DE-F95C-4FBD-8D90-0F7581E0595C}.Release.ActiveCfg = Release|Win32
		{20B194DE-F95C-4FBD-8D90-0F7581E0595C}.Release.Build.0 = Release|Win32
		{DB27024F-1F70-48DB-8DB9-7E12AFAC23AE}.Debug.ActiveCfg = Debug|Win32
		{DB27024F-1F70-48DB-8DB9-7E12AFAC23AE}.Debug.Build.0 = Debug|Win32
		{DB27024F-1F70-48DB-8DB9-7E12AFAC23AE}.Release.ActiveCfg = Release|Win32
		{DB27024F-1F70-48DB-8DB9-7E12AFAC23AE}.Release.Build.0 = Release|Win32
		{A15FD3A6-EC2C-485E-8065-1F1B3E17CE87}.Debug.ActiveCfg = Debug|Win32
		{A15FD3A6-EC2C-485E-8065-1F1B3E17CE87}.Debug.Build.0 = Debug|Win32
		{A15FD3A6-EC2C-485E-8065-1F1B3E17CE87}.Release.ActiveCfg = Release|Win32
		{A15FD3A6-EC2C-485E-8065-1F1B3E17CE87}.Release.Build.0 = Release|Win32
		{5B5C3903-A274-4A90-9DC0-E4208642B6FB}.Debug.ActiveCfg = Debug|Win32
		{5B5C3903-A274-4A90-9DC0-E4208642B6FB}.Debug.Build.0 = Debug|Win32
		{5B5C3903-A274-4A90-9DC0-E4208642B6FB}.Release.ActiveCfg = Release|Win32
		{5B5C3903-A274-4A90-9DC0-E4208642B6FB}.Release.Build.0 = Release|Win32
		{12AC3BA5-C217-43CF-8608-B7DE6FA14345}.Debug.ActiveCfg = Debug|Win32
		{12AC3BA5-C217-43CF-8608-B7DE6FA14345}.Debug.Build.0 = Debug|Win32
		{12AC3BA5-C217-43CF-8608-B7DE6FA14345}.Release.ActiveCfg = Release|Win32
		{12AC3BA5-C217-43CF-8608-B7DE6FA14345}.Release.Build.0 = Release|Win32
		{06DB0C07-2CF7-4A39-86F1-B106F26E5A42}.Debug.ActiveCfg = Debug|Win32
		{06DB0C07-2CF7-4A39-86F1-B106F26E5A42}.Debug.Build.0 = Debug|Win32
		{06DB0C07-2CF7-4A39-86F1-B106F26E5A42}.Release.ActiveCfg = Release|Win32
		{06DB0C07-2CF7-4A39-86F1-B106F26E5A42}.Release.Build.0 = Release|Win32
		{A6E6F3F7-1ADA-48B1-832D-E4D933B2E72B}.Debug.ActiveCfg = Debug|Win32
		{A6E6F3F7-1ADA-48B1-832D-E4D933B2E72B}.Debug.Build.0 = Debug|Win32
		{A6E6F3F7-1ADA-48B1-832D-E4D933B2E72B}.Release.ActiveCfg = Release|Win32
		{A6E6F3F7-1ADA-48B1-832D-E4D933B2E72B}.Release.Build.0 = Release|Win32
		{04E4A944-225A-4BFB-B7B5-F23AEE884989}.Debug.ActiveCfg = Debug|Win32
		{04E4A944-225A-4BFB-B7B5-F23AEE884989}.Debug.Build.0 = Debug|Win32
		{04E4A944-225A-4BFB-B7B5-F23AEE884989}.Release.ActiveCfg = Release|Win32
		{04E4A944-225A-4BFB-B7B5-F23AEE884989}.Release.Build.0 = Release|Win32
	EndGlobalSection
	GlobalSection(ExtensibilityGlobals) = postSolution
	EndGlobalSection
	GlobalSection(ExtensibilityAddIns) = postSolution
	EndGlobalSection
EndGlobal
