<?xml version="1.0"?>
<!DOCTYPE CodeBlocks_project_file>
<CodeBlocks_project_file>
	<FileVersion major="1" minor="1"/>
	<Project>
		<Option title="Sample_FalagardDemo1"/>
		<Option makefile="Makefile"/>
		<Option makefile_is_custom="0"/>
		<Option compiler="0"/>
		<Build>
			<Target title="Release">
				<Option output="..\..\..\..\Samples\bin\Sample_FalagardDemo1.exe"/>
				<Option working_dir="..\..\..\..\Samples\bin"/>
				<Option object_output="Output\Release"/>
				<Option deps_output=".deps"/>
				<Option external_deps="..\..\..\..\..\bin\libCEGUIFalagardBase.a;..\..\..\..\bin\libBaseSystem.a;..\..\..\..\Samples\bin\libSampleHelper.a;"/>
				<Option type="0"/>
				<Option compiler="0"/>
				<Option projectResourceIncludeDirsRelation="0"/>
				<Compiler>
					<Add option="-W"/>
					<Add option="-DWIN32"/>
					<Add option="-DNDEBUG"/>
					<Add option="-D_WINDOWS"/>
					<Add directory="..\..\..\..\Samples\FalagardDemo1\include"/>
					<Add directory="..\..\..\..\Samples\common\include"/>
					<Add directory="..\..\..\..\include"/>
					<Add directory="..\..\..\..\dependencies\include"/>
				</Compiler>
				<Linker>
					<Add library="CEGUIFalagardBase"/>
					<Add library="CEGUIBase"/>
					<Add library="CEGUISampleHelper"/>
					<Add directory="..\..\..\..\dependencies\lib"/>
					<Add directory="..\..\..\..\lib"/>
				</Linker>
			</Target>
			<Target title="Debug">
				<Option output="..\..\..\..\Samples\bin\Sample_FalagardDemo1_d.exe"/>
				<Option working_dir="..\..\..\..\Samples\bin"/>
				<Option object_output="Output\Debug"/>
				<Option deps_output=".deps"/>
				<Option external_deps="..\..\..\..\..\bin\libCEGUIFalagardBase_d.a;..\..\..\..\bin\libBaseSystem_d.a;..\..\..\..\Samples\bin\libSampleHelper_d.a;"/>
				<Option type="0"/>
				<Option compiler="0"/>
				<Option projectResourceIncludeDirsRelation="0"/>
				<Compiler>
					<Add option="-W"/>
					<Add option="-g"/>
					<Add option="-O0"/>
					<Add option="-DWIN32"/>
					<Add option="-D_STLP_DEBUG"/>
					<Add option="-D_DEBUG"/>
					<Add option="-D_WINDOWS"/>
					<Add directory="..\..\..\..\Samples\FalagardDemo1\include"/>
					<Add directory="..\..\..\..\Samples\common\include"/>
					<Add directory="..\..\..\..\include"/>
					<Add directory="..\..\..\..\dependencies\include"/>
				</Compiler>
				<Linker>
					<Add library="CEGUIFalagardBase_d"/>
					<Add library="CEGUIBase_d"/>
					<Add library="CEGUISampleHelper_d"/>
					<Add directory="..\..\..\..\dependencies\lib"/>
					<Add directory="..\..\..\..\lib"/>
				</Linker>
			</Target>
		</Build>
		<Unit filename="..\..\..\..\Samples\FalagardDemo1\include\Sample_FalagardDemo1.h">
			<Option compilerVar=""/>
			<Option compile="0"/>
			<Option link="0"/>
			<Option target="Debug"/>
			<Option target="Release"/>
		</Unit>
		<Unit filename="..\..\..\..\Samples\FalagardDemo1\src\Sample_FalagardDemo1.cpp">
			<Option compilerVar="CPP"/>
			<Option target="Debug"/>
			<Option target="Release"/>
		</Unit>
	</Project>
</CodeBlocks_project_file>
