<?xml version="1.0"?>
<!DOCTYPE CodeBlocks_project_file>
<CodeBlocks_project_file>
	<FileVersion major="1" minor="1"/>
	<Project>
		<Option title="TaharezLook"/>
		<Option makefile="Makefile"/>
		<Option makefile_is_custom="0"/>
		<Option default_target="-1"/>
		<Option compiler="0"/>
		<Build>
			<Target title="Release">
				<Option output="..\..\..\..\..\bin\CEGUITaharezLook.dll"/>
				<Option working_dir="."/>
				<Option object_output="Output\Release"/>
				<Option deps_output=".deps"/>
				<Option external_deps="..\..\..\..\bin\libBaseSystem.a;"/>
				<Option type="3"/>
				<Option compiler="0"/>
				<Option createDefFile="1"/>
				<Option createStaticLib="1"/>
				<Compiler>
					<Add option="-W"/>
					<Add option="-DWIN32"/>
					<Add option="-DNDEBUG"/>
					<Add option="-D_WINDOWS"/>
					<Add option="-D_USRDLL"/>
					<Add option="-DTAHAREZLOOK_EXPORTS"/>
					<Add directory="..\..\..\..\..\WidgetSets\TaharezLook\include"/>
					<Add directory="..\..\..\..\..\include"/>
					<Add directory="..\..\..\..\..\dependencies\include"/>
				</Compiler>
				<Linker>
					<Add library="CEGUIBase"/>
					<Add directory="..\..\..\..\..\lib"/>
					<Add directory="..\..\..\..\..\dependencies\lib"/>
				</Linker>
				<ExtraCommands>
					<Add after="cp ..\..\..\..\..\bin\CEGUITaharezLook.dll ..\..\..\..\..\Samples\bin"/>
					<Add after="cp ..\..\..\..\..\bin\libCEGUITaharezLook.a ..\..\..\..\..\lib"/>
				</ExtraCommands>
			</Target>
			<Target title="Debug">
				<Option output="..\..\..\..\..\bin\CEGUITaharezLook_d.dll"/>
				<Option working_dir="."/>
				<Option object_output="Output\Debug"/>
				<Option deps_output=".deps"/>
				<Option external_deps="..\..\..\..\bin\libBaseSystem_d.a;"/>
				<Option type="3"/>
				<Option compiler="0"/>
				<Option createDefFile="1"/>
				<Option createStaticLib="1"/>
				<Compiler>
					<Add option="-W"/>
					<Add option="-g"/>
					<Add option="-O0"/>
					<Add option="-DWIN32"/>
					<Add option="-D_STLP_DEBUG"/>
					<Add option="-D_DEBUG"/>
					<Add option="-D_WINDOWS"/>
					<Add option="-D_USRDLL"/>
					<Add option="-DTAHAREZLOOK_EXPORTS"/>
					<Add directory="..\..\..\..\..\WidgetSets\TaharezLook\include"/>
					<Add directory="..\..\..\..\..\include"/>
					<Add directory="..\..\..\..\..\dependencies\include"/>
				</Compiler>
				<Linker>
					<Add library="CEGUIBase_d"/>
					<Add directory="..\..\..\..\..\lib"/>
					<Add directory="..\..\..\..\..\dependencies\lib"/>
				</Linker>
				<ExtraCommands>
					<Add after="cp ..\..\..\..\..\bin\CEGUITaharezLook_d.dll ..\..\..\..\..\Samples\bin"/>
					<Add after="cp ..\..\..\..\..\bin\libCEGUITaharezLook_d.a ..\..\..\..\..\lib"/>
				</ExtraCommands>
			</Target>
		</Build>
		<Unit filename="..\..\..\..\..\WidgetSets\TaharezLook\include\TLAlternateProgressBar.h">
			<Option compilerVar=""/>
			<Option compile="0"/>
			<Option link="0"/>
			<Option target="Debug"/>
			<Option target="Release"/>
		</Unit>
		<Unit filename="..\..\..\..\..\WidgetSets\TaharezLook\include\TLButton.h">
			<Option compilerVar=""/>
			<Option compile="0"/>
			<Option link="0"/>
			<Option target="Debug"/>
			<Option target="Release"/>
		</Unit>
		<Unit filename="..\..\..\..\..\WidgetSets\TaharezLook\include\TLCheckbox.h">
			<Option compilerVar=""/>
			<Option compile="0"/>
			<Option link="0"/>
			<Option target="Debug"/>
			<Option target="Release"/>
		</Unit>
		<Unit filename="..\..\..\..\..\WidgetSets\TaharezLook\include\TLCloseButton.h">
			<Option compilerVar=""/>
			<Option compile="0"/>
			<Option link="0"/>
			<Option target="Debug"/>
			<Option target="Release"/>
		</Unit>
		<Unit filename="..\..\..\..\..\WidgetSets\TaharezLook\include\TLComboDropList.h">
			<Option compilerVar=""/>
			<Option compile="0"/>
			<Option link="0"/>
			<Option target="Debug"/>
			<Option target="Release"/>
		</Unit>
		<Unit filename="..\..\..\..\..\WidgetSets\TaharezLook\include\TLComboEditbox.h">
			<Option compilerVar=""/>
			<Option compile="0"/>
			<Option link="0"/>
			<Option target="Debug"/>
			<Option target="Release"/>
		</Unit>
		<Unit filename="..\..\..\..\..\WidgetSets\TaharezLook\include\TLCombobox.h">
			<Option compilerVar=""/>
			<Option compile="0"/>
			<Option link="0"/>
			<Option target="Debug"/>
			<Option target="Release"/>
		</Unit>
		<Unit filename="..\..\..\..\..\WidgetSets\TaharezLook\include\TLEditbox.h">
			<Option compilerVar=""/>
			<Option compile="0"/>
			<Option link="0"/>
			<Option target="Debug"/>
			<Option target="Release"/>
		</Unit>
		<Unit filename="..\..\..\..\..\WidgetSets\TaharezLook\include\TLFrameWindow.h">
			<Option compilerVar=""/>
			<Option compile="0"/>
			<Option link="0"/>
			<Option target="Debug"/>
			<Option target="Release"/>
		</Unit>
		<Unit filename="..\..\..\..\..\WidgetSets\TaharezLook\include\TLListHeader.h">
			<Option compilerVar=""/>
			<Option compile="0"/>
			<Option link="0"/>
			<Option target="Debug"/>
			<Option target="Release"/>
		</Unit>
		<Unit filename="..\..\..\..\..\WidgetSets\TaharezLook\include\TLListHeaderSegment.h">
			<Option compilerVar=""/>
			<Option compile="0"/>
			<Option link="0"/>
			<Option target="Debug"/>
			<Option target="Release"/>
		</Unit>
		<Unit filename="..\..\..\..\..\WidgetSets\TaharezLook\include\TLListbox.h">
			<Option compilerVar=""/>
			<Option compile="0"/>
			<Option link="0"/>
			<Option target="Debug"/>
			<Option target="Release"/>
		</Unit>
		<Unit filename="..\..\..\..\..\WidgetSets\TaharezLook\include\TLMiniHorzScrollbar.h">
			<Option compilerVar=""/>
			<Option compile="0"/>
			<Option link="0"/>
			<Option target="Debug"/>
			<Option target="Release"/>
		</Unit>
		<Unit filename="..\..\..\..\..\WidgetSets\TaharezLook\include\TLMiniHorzScrollbarThumb.h">
			<Option compilerVar=""/>
			<Option compile="0"/>
			<Option link="0"/>
			<Option target="Debug"/>
			<Option target="Release"/>
		</Unit>
		<Unit filename="..\..\..\..\..\WidgetSets\TaharezLook\include\TLMiniVertScrollbar.h">
			<Option compilerVar=""/>
			<Option compile="0"/>
			<Option link="0"/>
			<Option target="Debug"/>
			<Option target="Release"/>
		</Unit>
		<Unit filename="..\..\..\..\..\WidgetSets\TaharezLook\include\TLMiniVertScrollbarThumb.h">
			<Option compilerVar=""/>
			<Option compile="0"/>
			<Option link="0"/>
			<Option target="Debug"/>
			<Option target="Release"/>
		</Unit>
		<Unit filename="..\..\..\..\..\WidgetSets\TaharezLook\include\TLModule.h">
			<Option compilerVar=""/>
			<Option compile="0"/>
			<Option link="0"/>
			<Option target="Debug"/>
			<Option target="Release"/>
		</Unit>
		<Unit filename="..\..\..\..\..\WidgetSets\TaharezLook\include\TLMultiColumnList.h">
			<Option compilerVar=""/>
			<Option compile="0"/>
			<Option link="0"/>
			<Option target="Debug"/>
			<Option target="Release"/>
		</Unit>
		<Unit filename="..\..\..\..\..\WidgetSets\TaharezLook\include\TLMultiLineEditbox.h">
			<Option compilerVar=""/>
			<Option compile="0"/>
			<Option link="0"/>
			<Option target="Debug"/>
			<Option target="Release"/>
		</Unit>
		<Unit filename="..\..\..\..\..\WidgetSets\TaharezLook\include\TLProgressBar.h">
			<Option compilerVar=""/>
			<Option compile="0"/>
			<Option link="0"/>
			<Option target="Debug"/>
			<Option target="Release"/>
		</Unit>
		<Unit filename="..\..\..\..\..\WidgetSets\TaharezLook\include\TLRadioButton.h">
			<Option compilerVar=""/>
			<Option compile="0"/>
			<Option link="0"/>
			<Option target="Debug"/>
			<Option target="Release"/>
		</Unit>
		<Unit filename="..\..\..\..\..\WidgetSets\TaharezLook\include\TLScrollablePane.h">
			<Option compilerVar=""/>
			<Option compile="0"/>
			<Option link="0"/>
			<Option target="Debug"/>
			<Option target="Release"/>
		</Unit>
		<Unit filename="..\..\..\..\..\WidgetSets\TaharezLook\include\TLSlider.h">
			<Option compilerVar=""/>
			<Option compile="0"/>
			<Option link="0"/>
			<Option target="Debug"/>
			<Option target="Release"/>
		</Unit>
		<Unit filename="..\..\..\..\..\WidgetSets\TaharezLook\include\TLSliderThumb.h">
			<Option compilerVar=""/>
			<Option compile="0"/>
			<Option link="0"/>
			<Option target="Debug"/>
			<Option target="Release"/>
		</Unit>
		<Unit filename="..\..\..\..\..\WidgetSets\TaharezLook\include\TLSpinner.h">
			<Option compilerVar=""/>
			<Option compile="0"/>
			<Option link="0"/>
			<Option target="Debug"/>
			<Option target="Release"/>
		</Unit>
		<Unit filename="..\..\..\..\..\WidgetSets\TaharezLook\include\TLStatic.h">
			<Option compilerVar=""/>
			<Option compile="0"/>
			<Option link="0"/>
			<Option target="Debug"/>
			<Option target="Release"/>
		</Unit>
		<Unit filename="..\..\..\..\..\WidgetSets\TaharezLook\include\TLTabButton.h">
			<Option compilerVar=""/>
			<Option compile="0"/>
			<Option link="0"/>
			<Option target="Debug"/>
			<Option target="Release"/>
		</Unit>
		<Unit filename="..\..\..\..\..\WidgetSets\TaharezLook\include\TLTabControl.h">
			<Option compilerVar=""/>
			<Option compile="0"/>
			<Option link="0"/>
			<Option target="Debug"/>
			<Option target="Release"/>
		</Unit>
		<Unit filename="..\..\..\..\..\WidgetSets\TaharezLook\include\TLTabPane.h">
			<Option compilerVar=""/>
			<Option compile="0"/>
			<Option link="0"/>
			<Option target="Debug"/>
			<Option target="Release"/>
		</Unit>
		<Unit filename="..\..\..\..\..\WidgetSets\TaharezLook\include\TLTitlebar.h">
			<Option compilerVar=""/>
			<Option compile="0"/>
			<Option link="0"/>
			<Option target="Debug"/>
			<Option target="Release"/>
		</Unit>
		<Unit filename="..\..\..\..\..\WidgetSets\TaharezLook\include\TLTooltip.h">
			<Option compilerVar=""/>
			<Option compile="0"/>
			<Option link="0"/>
			<Option target="Debug"/>
			<Option target="Release"/>
		</Unit>
		<Unit filename="..\..\..\..\..\WidgetSets\TaharezLook\include\TLVUMeter.h">
			<Option compilerVar=""/>
			<Option compile="0"/>
			<Option link="0"/>
			<Option target="Debug"/>
			<Option target="Release"/>
		</Unit>
		<Unit filename="..\..\..\..\..\WidgetSets\TaharezLook\include\TLVertScrollbar.h">
			<Option compilerVar=""/>
			<Option compile="0"/>
			<Option link="0"/>
			<Option target="Debug"/>
			<Option target="Release"/>
		</Unit>
		<Unit filename="..\..\..\..\..\WidgetSets\TaharezLook\include\TLVertScrollbarThumb.h">
			<Option compilerVar=""/>
			<Option compile="0"/>
			<Option link="0"/>
			<Option target="Debug"/>
			<Option target="Release"/>
		</Unit>
		<Unit filename="..\..\..\..\..\WidgetSets\TaharezLook\src\TLAlternateProgressBar.cpp">
			<Option compilerVar="CPP"/>
			<Option target="Debug"/>
			<Option target="Release"/>
		</Unit>
		<Unit filename="..\..\..\..\..\WidgetSets\TaharezLook\src\TLButton.cpp">
			<Option compilerVar="CPP"/>
			<Option target="Debug"/>
			<Option target="Release"/>
		</Unit>
		<Unit filename="..\..\..\..\..\WidgetSets\TaharezLook\src\TLCheckbox.cpp">
			<Option compilerVar="CPP"/>
			<Option target="Debug"/>
			<Option target="Release"/>
		</Unit>
		<Unit filename="..\..\..\..\..\WidgetSets\TaharezLook\src\TLCloseButton.cpp">
			<Option compilerVar="CPP"/>
			<Option target="Debug"/>
			<Option target="Release"/>
		</Unit>
		<Unit filename="..\..\..\..\..\WidgetSets\TaharezLook\src\TLComboDropList.cpp">
			<Option compilerVar="CPP"/>
			<Option target="Debug"/>
			<Option target="Release"/>
		</Unit>
		<Unit filename="..\..\..\..\..\WidgetSets\TaharezLook\src\TLComboEditbox.cpp">
			<Option compilerVar="CPP"/>
			<Option target="Debug"/>
			<Option target="Release"/>
		</Unit>
		<Unit filename="..\..\..\..\..\WidgetSets\TaharezLook\src\TLCombobox.cpp">
			<Option compilerVar="CPP"/>
			<Option target="Debug"/>
			<Option target="Release"/>
		</Unit>
		<Unit filename="..\..\..\..\..\WidgetSets\TaharezLook\src\TLEditbox.cpp">
			<Option compilerVar="CPP"/>
			<Option target="Debug"/>
			<Option target="Release"/>
		</Unit>
		<Unit filename="..\..\..\..\..\WidgetSets\TaharezLook\src\TLFrameWindow.cpp">
			<Option compilerVar="CPP"/>
			<Option target="Debug"/>
			<Option target="Release"/>
		</Unit>
		<Unit filename="..\..\..\..\..\WidgetSets\TaharezLook\src\TLListHeader.cpp">
			<Option compilerVar="CPP"/>
			<Option target="Debug"/>
			<Option target="Release"/>
		</Unit>
		<Unit filename="..\..\..\..\..\WidgetSets\TaharezLook\src\TLListHeaderSegment.cpp">
			<Option compilerVar="CPP"/>
			<Option target="Debug"/>
			<Option target="Release"/>
		</Unit>
		<Unit filename="..\..\..\..\..\WidgetSets\TaharezLook\src\TLListbox.cpp">
			<Option compilerVar="CPP"/>
			<Option target="Debug"/>
			<Option target="Release"/>
		</Unit>
		<Unit filename="..\..\..\..\..\WidgetSets\TaharezLook\src\TLMiniHorzScrollbar.cpp">
			<Option compilerVar="CPP"/>
			<Option target="Debug"/>
			<Option target="Release"/>
		</Unit>
		<Unit filename="..\..\..\..\..\WidgetSets\TaharezLook\src\TLMiniHorzScrollbarThumb.cpp">
			<Option compilerVar="CPP"/>
			<Option target="Debug"/>
			<Option target="Release"/>
		</Unit>
		<Unit filename="..\..\..\..\..\WidgetSets\TaharezLook\src\TLMiniVertScrollbar.cpp">
			<Option compilerVar="CPP"/>
			<Option target="Debug"/>
			<Option target="Release"/>
		</Unit>
		<Unit filename="..\..\..\..\..\WidgetSets\TaharezLook\src\TLMiniVertScrollbarThumb.cpp">
			<Option compilerVar="CPP"/>
			<Option target="Debug"/>
			<Option target="Release"/>
		</Unit>
		<Unit filename="..\..\..\..\..\WidgetSets\TaharezLook\src\TLModule.cpp">
			<Option compilerVar="CPP"/>
			<Option target="Debug"/>
			<Option target="Release"/>
		</Unit>
		<Unit filename="..\..\..\..\..\WidgetSets\TaharezLook\src\TLMultiColumnList.cpp">
			<Option compilerVar="CPP"/>
			<Option target="Debug"/>
			<Option target="Release"/>
		</Unit>
		<Unit filename="..\..\..\..\..\WidgetSets\TaharezLook\src\TLMultiLineEditbox.cpp">
			<Option compilerVar="CPP"/>
			<Option target="Debug"/>
			<Option target="Release"/>
		</Unit>
		<Unit filename="..\..\..\..\..\WidgetSets\TaharezLook\src\TLProgressBar.cpp">
			<Option compilerVar="CPP"/>
			<Option target="Debug"/>
			<Option target="Release"/>
		</Unit>
		<Unit filename="..\..\..\..\..\WidgetSets\TaharezLook\src\TLRadioButton.cpp">
			<Option compilerVar="CPP"/>
			<Option target="Debug"/>
			<Option target="Release"/>
		</Unit>
		<Unit filename="..\..\..\..\..\WidgetSets\TaharezLook\src\TLScrollablePane.cpp">
			<Option compilerVar="CPP"/>
			<Option target="Debug"/>
			<Option target="Release"/>
		</Unit>
		<Unit filename="..\..\..\..\..\WidgetSets\TaharezLook\src\TLSlider.cpp">
			<Option compilerVar="CPP"/>
			<Option target="Debug"/>
			<Option target="Release"/>
		</Unit>
		<Unit filename="..\..\..\..\..\WidgetSets\TaharezLook\src\TLSliderThumb.cpp">
			<Option compilerVar="CPP"/>
			<Option target="Debug"/>
			<Option target="Release"/>
		</Unit>
		<Unit filename="..\..\..\..\..\WidgetSets\TaharezLook\src\TLSpinner.cpp">
			<Option compilerVar="CPP"/>
			<Option target="Debug"/>
			<Option target="Release"/>
		</Unit>
		<Unit filename="..\..\..\..\..\WidgetSets\TaharezLook\src\TLStatic.cpp">
			<Option compilerVar="CPP"/>
			<Option target="Debug"/>
			<Option target="Release"/>
		</Unit>
		<Unit filename="..\..\..\..\..\WidgetSets\TaharezLook\src\TLTabButton.cpp">
			<Option compilerVar="CPP"/>
			<Option target="Debug"/>
			<Option target="Release"/>
		</Unit>
		<Unit filename="..\..\..\..\..\WidgetSets\TaharezLook\src\TLTabControl.cpp">
			<Option compilerVar="CPP"/>
			<Option target="Debug"/>
			<Option target="Release"/>
		</Unit>
		<Unit filename="..\..\..\..\..\WidgetSets\TaharezLook\src\TLTabPane.cpp">
			<Option compilerVar="CPP"/>
			<Option target="Debug"/>
			<Option target="Release"/>
		</Unit>
		<Unit filename="..\..\..\..\..\WidgetSets\TaharezLook\src\TLTitlebar.cpp">
			<Option compilerVar="CPP"/>
			<Option target="Debug"/>
			<Option target="Release"/>
		</Unit>
		<Unit filename="..\..\..\..\..\WidgetSets\TaharezLook\src\TLTooltip.cpp">
			<Option compilerVar="CPP"/>
			<Option target="Debug"/>
			<Option target="Release"/>
		</Unit>
		<Unit filename="..\..\..\..\..\WidgetSets\TaharezLook\src\TLVUMeter.cpp">
			<Option compilerVar="CPP"/>
			<Option target="Debug"/>
			<Option target="Release"/>
		</Unit>
		<Unit filename="..\..\..\..\..\WidgetSets\TaharezLook\src\TLVertScrollbar.cpp">
			<Option compilerVar="CPP"/>
			<Option target="Debug"/>
			<Option target="Release"/>
		</Unit>
		<Unit filename="..\..\..\..\..\WidgetSets\TaharezLook\src\TLVertScrollbarThumb.cpp">
			<Option compilerVar="CPP"/>
			<Option target="Debug"/>
			<Option target="Release"/>
		</Unit>
		<Unit filename="ReadMe.txt">
			<Option compilerVar=""/>
			<Option compile="0"/>
			<Option link="0"/>
			<Option target="Debug"/>
			<Option target="Release"/>
		</Unit>
	</Project>
</CodeBlocks_project_file>
