<?xml version="1.0"?>
<!DOCTYPE CodeBlocks_project_file>
<CodeBlocks_project_file>
	<FileVersion major="1" minor="1"/>
	<Project>
		<Option title="OpenGLGUIRenderer"/>
		<Option makefile="Makefile"/>
		<Option makefile_is_custom="0"/>
		<Option default_target="-1"/>
		<Option compiler="0"/>
		<Build>
			<Target title="Release">
				<Option output="..\..\..\..\..\bin\OpenGLGUIRenderer.dll"/>
				<Option working_dir="."/>
				<Option object_output="Output\Release"/>
				<Option deps_output=".deps"/>
				<Option external_deps="..\..\..\..\bin\libBaseSystem.a;"/>
				<Option type="3"/>
				<Option compiler="0"/>
				<Option createDefFile="1"/>
				<Option createStaticLib="1"/>
				<Compiler>
					<Add option="-W"/>
					<Add option="-DWIN32"/>
					<Add option="-DNDEBUG"/>
					<Add option="-D_WINDOWS"/>
					<Add option="-D_USRDLL"/>
					<Add option="-DOPENGL_GUIRENDERER_EXPORTS"/>
					<Add directory="..\..\..\..\..\include"/>
				</Compiler>
				<Linker>
					<Add library="opengl32"/>
					<Add library="glu32"/>
					<Add library="CEGUIBase"/>
					<Add directory="..\..\..\..\..\lib"/>
				</Linker>
				<ExtraCommands>
					<Add after="cp ..\..\..\..\..\bin\OpenGLGUIRenderer.dll ..\..\..\..\..\Samples\bin"/>
					<Add after="cp ..\..\..\..\..\bin\libOpenGLGUIRenderer.a ..\..\..\..\..\lib"/>
				</ExtraCommands>
			</Target>
			<Target title="Debug">
				<Option output="..\..\..\..\..\bin\OpenGLGUIRenderer_d.dll"/>
				<Option working_dir="."/>
				<Option object_output="Output\Debug"/>
				<Option deps_output=".deps"/>
				<Option external_deps="..\..\..\..\bin\libBaseSystem_d.a;"/>
				<Option type="3"/>
				<Option compiler="0"/>
				<Option createDefFile="1"/>
				<Option createStaticLib="1"/>
				<Compiler>
					<Add option="-W"/>
					<Add option="-g"/>
					<Add option="-O0"/>
					<Add option="-DWIN32"/>
					<Add option="-D_STLP_DEBUG"/>
					<Add option="-D_DEBUG"/>
					<Add option="-D_WINDOWS"/>
					<Add option="-D_USRDLL"/>
					<Add option="-DOPENGL_GUIRENDERER_EXPORTS"/>
					<Add directory="..\..\..\..\..\include"/>
				</Compiler>
				<Linker>
					<Add library="opengl32"/>
					<Add library="glu32"/>
					<Add library="CEGUIBase_d"/>
					<Add directory="..\..\..\..\..\lib"/>
				</Linker>
				<ExtraCommands>
					<Add after="cp ..\..\..\..\..\bin\OpenGLGUIRenderer_d.dll ..\..\..\..\..\Samples\bin"/>
					<Add after="cp ..\..\..\..\..\bin\libOpenGLGUIRenderer_d.a ..\..\..\..\..\lib"/>
				</ExtraCommands>
			</Target>
		</Build>
		<Compiler>
			<Add option="-D_STDCALL_SUPPORTED"/>
		</Compiler>
		<Unit filename="..\..\..\..\..\include\renderers\OpenGLGUIRenderer\openglrenderer.h">
			<Option compilerVar=""/>
			<Option compile="0"/>
			<Option link="0"/>
			<Option target="Debug"/>
			<Option target="Release"/>
		</Unit>
		<Unit filename="..\..\..\..\..\include\renderers\OpenGLGUIRenderer\opengltexture.h">
			<Option compilerVar=""/>
			<Option compile="0"/>
			<Option link="0"/>
			<Option target="Debug"/>
			<Option target="Release"/>
		</Unit>
		<Unit filename="..\..\..\..\..\src\renderers\OpenGLGUIRenderer\openglrenderer.cpp">
			<Option compilerVar="CPP"/>
			<Option target="Debug"/>
			<Option target="Release"/>
		</Unit>
		<Unit filename="..\..\..\..\..\src\renderers\OpenGLGUIRenderer\opengltexture.cpp">
			<Option compilerVar="CPP"/>
			<Option target="Debug"/>
			<Option target="Release"/>
		</Unit>
	</Project>
</CodeBlocks_project_file>
